// !$*UTF8*$!
{
	archiveVersion = 1;
	classes = {
	};
	objectVersion = 46;
	objects = {

/* Begin PBXBuildFile section */
		4EEAEAB31EC1AD8D006DA042 /* AppDelegate.swift in Sources */ = {isa = PBXBuildFile; fileRef = 4EEAEAB21EC1AD8D006DA042 /* AppDelegate.swift */; };
		4EEAEAB51EC1AD8D006DA042 /* ViewController.swift in Sources */ = {isa = PBXBuildFile; fileRef = 4EEAEAB41EC1AD8D006DA042 /* ViewController.swift */; };
		4EEAEAB81EC1AD8D006DA042 /* Main.storyboard in Resources */ = {isa = PBXBuildFile; fileRef = 4EEAEAB61EC1AD8D006DA042 /* Main.storyboard */; };
		4EEAEABA1EC1AD8D006DA042 /* Assets.xcassets in Resources */ = {isa = PBXBuildFile; fileRef = 4EEAEAB91EC1AD8D006DA042 /* Assets.xcassets */; };
		4EEAEABD1EC1AD8D006DA042 /* LaunchScreen.storyboard in Resources */ = {isa = PBXBuildFile; fileRef = 4EEAEABB1EC1AD8D006DA042 /* LaunchScreen.storyboard */; };
		4EEAEAC81EC1AD8D006DA042 /* NimTests.swift in Sources */ = {isa = PBXBuildFile; fileRef = 4EEAEAC71EC1AD8D006DA042 /* NimTests.swift */; };
/* End PBXBuildFile section */

/* Begin PBXContainerItemProxy section */
		4EEAEAC41EC1AD8D006DA042 /* PBXContainerItemProxy */ = {
			isa = PBXContainerItemProxy;
			containerPortal = 4EEAEAA71EC1AD8D006DA042 /* Project object */;
			proxyType = 1;
			remoteGlobalIDString = 4EEAEAAE1EC1AD8D006DA042;
			remoteInfo = Nim;
		};
/* End PBXContainerItemProxy section */

/* Begin PBXFileReference section */
		4EEAEAAF1EC1AD8D006DA042 /* Nim.app */ = {isa = PBXFileReference; explicitFileType = wrapper.application; includeInIndex = 0; path = Nim.app; sourceTree = BUILT_PRODUCTS_DIR; };
		4EEAEAB21EC1AD8D006DA042 /* AppDelegate.swift */ = {isa = PBXFileReference; lastKnownFileType = sourcecode.swift; path = AppDelegate.swift; sourceTree = "<group>"; };
		4EEAEAB41EC1AD8D006DA042 /* ViewController.swift */ = {isa = PBXFileReference; lastKnownFileType = sourcecode.swift; path = ViewController.swift; sourceTree = "<group>"; };
		4EEAEAB71EC1AD8D006DA042 /* Base */ = {isa = PBXFileReference; lastKnownFileType = file.storyboard; name = Base; path = Base.lproj/Main.storyboard; sourceTree = "<group>"; };
		4EEAEAB91EC1AD8D006DA042 /* Assets.xcassets */ = {isa = PBXFileReference; lastKnownFileType = folder.assetcatalog; path = Assets.xcassets; sourceTree = "<group>"; };
		4EEAEABC1EC1AD8D006DA042 /* Base */ = {isa = PBXFileReference; lastKnownFileType = file.storyboard; name = Base; path = Base.lproj/LaunchScreen.storyboard; sourceTree = "<group>"; };
		4EEAEABE1EC1AD8D006DA042 /* Info.plist */ = {isa = PBXFileReference; lastKnownFileType = text.plist.xml; path = Info.plist; sourceTree = "<group>"; };
		4EEAEAC31EC1AD8D006DA042 /* NimTests.xctest */ = {isa = PBXFileReference; explicitFileType = wrapper.cfbundle; includeInIndex = 0; path = NimTests.xctest; sourceTree = BUILT_PRODUCTS_DIR; };
		4EEAEAC71EC1AD8D006DA042 /* NimTests.swift */ = {isa = PBXFileReference; lastKnownFileType = sourcecode.swift; path = NimTests.swift; sourceTree = "<group>"; };
		4EEAEAC91EC1AD8D006DA042 /* Info.plist */ = {isa = PBXFileReference; lastKnownFileType = text.plist.xml; path = Info.plist; sourceTree = "<group>"; };
/* End PBXFileReference section */

/* Begin PBXFrameworksBuildPhase section */
		4EEAEAAC1EC1AD8D006DA042 /* Frameworks */ = {
			isa = PBXFrameworksBuildPhase;
			buildActionMask = 2147483647;
			files = (
			);
			runOnlyForDeploymentPostprocessing = 0;
		};
		4EEAEAC01EC1AD8D006DA042 /* Frameworks */ = {
			isa = PBXFrameworksBuildPhase;
			buildActionMask = 2147483647;
			files = (
			);
			runOnlyForDeploymentPostprocessing = 0;
		};
/* End PBXFrameworksBuildPhase section */

/* Begin PBXGroup section */
		4EEAEAA61EC1AD8D006DA042 = {
			isa = PBXGroup;
			children = (
				4EEAEAB11EC1AD8D006DA042 /* Nim */,
				4EEAEAC61EC1AD8D006DA042 /* NimTests */,
				4EEAEAB01EC1AD8D006DA042 /* Products */,
			);
			sourceTree = "<group>";
		};
		4EEAEAB01EC1AD8D006DA042 /* Products */ = {
			isa = PBXGroup;
			children = (
				4EEAEAAF1EC1AD8D006DA042 /* Nim.app */,
				4EEAEAC31EC1AD8D006DA042 /* NimTests.xctest */,
			);
			name = Products;
			sourceTree = "<group>";
		};
		4EEAEAB11EC1AD8D006DA042 /* Nim */ = {
			isa = PBXGroup;
			children = (
				4EEAEAB21EC1AD8D006DA042 /* AppDelegate.swift */,
				4EEAEAB41EC1AD8D006DA042 /* ViewController.swift */,
				4EEAEAB61EC1AD8D006DA042 /* Main.storyboard */,
				4EEAEAB91EC1AD8D006DA042 /* Assets.xcassets */,
				4EEAEABB1EC1AD8D006DA042 /* LaunchScreen.storyboard */,
				4EEAEABE1EC1AD8D006DA042 /* Info.plist */,
			);
			path = Nim;
			sourceTree = "<group>";
		};
		4EEAEAC61EC1AD8D006DA042 /* NimTests */ = {
			isa = PBXGroup;
			children = (
				4EEAEAC71EC1AD8D006DA042 /* NimTests.swift */,
				4EEAEAC91EC1AD8D006DA042 /* Info.plist */,
			);
			path = NimTests;
			sourceTree = "<group>";
		};
/* End PBXGroup section */

/* Begin PBXNativeTarget section */
		4EEAEAAE1EC1AD8D006DA042 /* Nim */ = {
			isa = PBXNativeTarget;
			buildConfigurationList = 4EEAEACC1EC1AD8D006DA042 /* Build configuration list for PBXNativeTarget "Nim" */;
			buildPhases = (
				4EEAEAAB1EC1AD8D006DA042 /* Sources */,
				4EEAEAAC1EC1AD8D006DA042 /* Frameworks */,
				4EEAEAAD1EC1AD8D006DA042 /* Resources */,
			);
			buildRules = (
			);
			dependencies = (
			);
			name = Nim;
			productName = Nim;
			productReference = 4EEAEAAF1EC1AD8D006DA042 /* Nim.app */;
			productType = "com.apple.product-type.application";
		};
		4EEAEAC21EC1AD8D006DA042 /* NimTests */ = {
			isa = PBXNativeTarget;
			buildConfigurationList = 4EEAEACF1EC1AD8D006DA042 /* Build configuration list for PBXNativeTarget "NimTests" */;
			buildPhases = (
				4EEAEABF1EC1AD8D006DA042 /* Sources */,
				4EEAEAC01EC1AD8D006DA042 /* Frameworks */,
				4EEAEAC11EC1AD8D006DA042 /* Resources */,
			);
			buildRules = (
			);
			dependencies = (
				4EEAEAC51EC1AD8D006DA042 /* PBXTargetDependency */,
			);
			name = NimTests;
			productName = NimTests;
			productReference = 4EEAEAC31EC1AD8D006DA042 /* NimTests.xctest */;
			productType = "com.apple.product-type.bundle.unit-test";
		};
/* End PBXNativeTarget section */

/* Begin PBXProject section */
		4EEAEAA71EC1AD8D006DA042 /* Project object */ = {
			isa = PBXProject;
			attributes = {
				LastSwiftUpdateCheck = 0830;
				LastUpgradeCheck = 0830;
				ORGANIZATIONNAME = Mathieu;
				TargetAttributes = {
					4EEAEAAE1EC1AD8D006DA042 = {
						CreatedOnToolsVersion = 8.3.2;
						DevelopmentTeam = 48MSDACJ9X;
						ProvisioningStyle = Automatic;
					};
					4EEAEAC21EC1AD8D006DA042 = {
						CreatedOnToolsVersion = 8.3.2;
						DevelopmentTeam = 48MSDACJ9X;
						ProvisioningStyle = Automatic;
						TestTargetID = 4EEAEAAE1EC1AD8D006DA042;
					};
				};
			};
			buildConfigurationList = 4EEAEAAA1EC1AD8D006DA042 /* Build configuration list for PBXProject "Nim" */;
			compatibilityVersion = "Xcode 3.2";
			developmentRegion = English;
			hasScannedForEncodings = 0;
			knownRegions = (
				en,
				Base,
			);
			mainGroup = 4EEAEAA61EC1AD8D006DA042;
			productRefGroup = 4EEAEAB01EC1AD8D006DA042 /* Products */;
			projectDirPath = "";
			projectRoot = "";
			targets = (
				4EEAEAAE1EC1AD8D006DA042 /* Nim */,
				4EEAEAC21EC1AD8D006DA042 /* NimTests */,
			);
		};
/* End PBXProject section */

/* Begin PBXResourcesBuildPhase section */
		4EEAEAAD1EC1AD8D006DA042 /* Resources */ = {
			isa = PBXResourcesBuildPhase;
			buildActionMask = 2147483647;
			files = (
				4EEAEABD1EC1AD8D006DA042 /* LaunchScreen.storyboard in Resources */,
				4EEAEABA1EC1AD8D006DA042 /* Assets.xcassets in Resources */,
				4EEAEAB81EC1AD8D006DA042 /* Main.storyboard in Resources */,
			);
			runOnlyForDeploymentPostprocessing = 0;
		};
		4EEAEAC11EC1AD8D006DA042 /* Resources */ = {
			isa = PBXResourcesBuildPhase;
			buildActionMask = 2147483647;
			files = (
			);
			runOnlyForDeploymentPostprocessing = 0;
		};
/* End PBXResourcesBuildPhase section */

/* Begin PBXSourcesBuildPhase section */
		4EEAEAAB1EC1AD8D006DA042 /* Sources */ = {
			isa = PBXSourcesBuildPhase;
			buildActionMask = 2147483647;
			files = (
				4EEAEAB51EC1AD8D006DA042 /* ViewController.swift in Sources */,
				4EEAEAB31EC1AD8D006DA042 /* AppDelegate.swift in Sources */,
			);
			runOnlyForDeploymentPostprocessing = 0;
		};
		4EEAEABF1EC1AD8D006DA042 /* Sources */ = {
			isa = PBXSourcesBuildPhase;
			buildActionMask = 2147483647;
			files = (
				4EEAEAC81EC1AD8D006DA042 /* NimTests.swift in Sources */,
			);
			runOnlyForDeploymentPostprocessing = 0;
		};
/* End PBXSourcesBuildPhase section */

/* Begin PBXTargetDependency section */
		4EEAEAC51EC1AD8D006DA042 /* PBXTargetDependency */ = {
			isa = PBXTargetDependency;
			target = 4EEAEAAE1EC1AD8D006DA042 /* Nim */;
			targetProxy = 4EEAEAC41EC1AD8D006DA042 /* PBXContainerItemProxy */;
		};
/* End PBXTargetDependency section */

/* Begin PBXVariantGroup section */
		4EEAEAB61EC1AD8D006DA042 /* Main.storyboard */ = {
			isa = PBXVariantGroup;
			children = (
				4EEAEAB71EC1AD8D006DA042 /* Base */,
			);
			name = Main.storyboard;
			sourceTree = "<group>";
		};
		4EEAEABB1EC1AD8D006DA042 /* LaunchScreen.storyboard */ = {
			isa = PBXVariantGroup;
			children = (
				4EEAEABC1EC1AD8D006DA042 /* Base */,
			);
			name = LaunchScreen.storyboard;
			sourceTree = "<group>";
		};
/* End PBXVariantGroup section */

/* Begin XCBuildConfiguration section */
		4EEAEACA1EC1AD8D006DA042 /* Debug */ = {
			isa = XCBuildConfiguration;
			buildSettings = {
				ALWAYS_SEARCH_USER_PATHS = NO;
				CLANG_ANALYZER_NONNULL = YES;
				CLANG_ANALYZER_NUMBER_OBJECT_CONVERSION = YES_AGGRESSIVE;
				CLANG_CXX_LANGUAGE_STANDARD = "gnu++0x";
				CLANG_CXX_LIBRARY = "libc++";
				CLANG_ENABLE_MODULES = YES;
				CLANG_ENABLE_OBJC_ARC = YES;
				CLANG_WARN_BOOL_CONVERSION = YES;
				CLANG_WARN_CONSTANT_CONVERSION = YES;
				CLANG_WARN_DIRECT_OBJC_ISA_USAGE = YES_ERROR;
				CLANG_WARN_DOCUMENTATION_COMMENTS = YES;
				CLANG_WARN_EMPTY_BODY = YES;
				CLANG_WARN_ENUM_CONVERSION = YES;
				CLANG_WARN_INFINITE_RECURSION = YES;
				CLANG_WARN_INT_CONVERSION = YES;
				CLANG_WARN_OBJC_ROOT_CLASS = YES_ERROR;
				CLANG_WARN_SUSPICIOUS_MOVE = YES;
				CLANG_WARN_UNREACHABLE_CODE = YES;
				CLANG_WARN__DUPLICATE_METHOD_MATCH = YES;
				"CODE_SIGN_IDENTITY[sdk=iphoneos*]" = "iPhone Developer";
				COPY_PHASE_STRIP = NO;
				DEBUG_INFORMATION_FORMAT = dwarf;
				ENABLE_STRICT_OBJC_MSGSEND = YES;
				ENABLE_TESTABILITY = YES;
				GCC_C_LANGUAGE_STANDARD = gnu99;
				GCC_DYNAMIC_NO_PIC = NO;
				GCC_NO_COMMON_BLOCKS = YES;
				GCC_OPTIMIZATION_LEVEL = 0;
				GCC_PREPROCESSOR_DEFINITIONS = (
					"DEBUG=1",
					"$(inherited)",
				);
				GCC_WARN_64_TO_32_BIT_CONVERSION = YES;
				GCC_WARN_ABOUT_RETURN_TYPE = YES_ERROR;
				GCC_WARN_UNDECLARED_SELECTOR = YES;
				GCC_WARN_UNINITIALIZED_AUTOS = YES_AGGRESSIVE;
				GCC_WARN_UNUSED_FUNCTION = YES;
				GCC_WARN_UNUSED_VARIABLE = YES;
				IPHONEOS_DEPLOYMENT_TARGET = 10.3;
				MTL_ENABLE_DEBUG_INFO = YES;
				ONLY_ACTIVE_ARCH = YES;
				SDKROOT = iphoneos;
				SWIFT_ACTIVE_COMPILATION_CONDITIONS = DEBUG;
				SWIFT_OPTIMIZATION_LEVEL = "-Onone";
				TARGETED_DEVICE_FAMILY = "1,2";
			};
			name = Debug;
		};
		4EEAEACB1EC1AD8D006DA042 /* Release */ = {
			isa = XCBuildConfiguration;
			buildSettings = {
				ALWAYS_SEARCH_USER_PATHS = NO;
				CLANG_ANALYZER_NONNULL = YES;
				CLANG_ANALYZER_NUMBER_OBJECT_CONVERSION = YES_AGGRESSIVE;
				CLANG_CXX_LANGUAGE_STANDARD = "gnu++0x";
				CLANG_CXX_LIBRARY = "libc++";
				CLANG_ENABLE_MODULES = YES;
				CLANG_ENABLE_OBJC_ARC = YES;
				CLANG_WARN_BOOL_CONVERSION = YES;
				CLANG_WARN_CONSTANT_CONVERSION = YES;
				CLANG_WARN_DIRECT_OBJC_ISA_USAGE = YES_ERROR;
				CLANG_WARN_DOCUMENTATION_COMMENTS = YES;
				CLANG_WARN_EMPTY_BODY = YES;
				CLANG_WARN_ENUM_CONVERSION = YES;
				CLANG_WARN_INFINITE_RECURSION = YES;
				CLANG_WARN_INT_CONVERSION = YES;
				CLANG_WARN_OBJC_ROOT_CLASS = YES_ERROR;
				CLANG_WARN_SUSPICIOUS_MOVE = YES;
				CLANG_WARN_UNREACHABLE_CODE = YES;
				CLANG_WARN__DUPLICATE_METHOD_MATCH = YES;
				"CODE_SIGN_IDENTITY[sdk=iphoneos*]" = "iPhone Developer";
				COPY_PHASE_STRIP = NO;
				DEBUG_INFORMATION_FORMAT = "dwarf-with-dsym";
				ENABLE_NS_ASSERTIONS = NO;
				ENABLE_STRICT_OBJC_MSGSEND = YES;
				GCC_C_LANGUAGE_STANDARD = gnu99;
				GCC_NO_COMMON_BLOCKS = YES;
				GCC_WARN_64_TO_32_BIT_CONVERSION = YES;
				GCC_WARN_ABOUT_RETURN_TYPE = YES_ERROR;
				GCC_WARN_UNDECLARED_SELECTOR = YES;
				GCC_WARN_UNINITIALIZED_AUTOS = YES_AGGRESSIVE;
				GCC_WARN_UNUSED_FUNCTION = YES;
				GCC_WARN_UNUSED_VARIABLE = YES;
				IPHONEOS_DEPLOYMENT_TARGET = 10.3;
				MTL_ENABLE_DEBUG_INFO = NO;
				SDKROOT = iphoneos;
				SWIFT_OPTIMIZATION_LEVEL = "-Owholemodule";
				TARGETED_DEVICE_FAMILY = "1,2";
				VALIDATE_PRODUCT = YES;
			};
			name = Release;
		};
		4EEAEACD1EC1AD8D006DA042 /* Debug */ = {
			isa = XCBuildConfiguration;
			buildSettings = {
				ASSETCATALOG_COMPILER_APPICON_NAME = AppIcon;
				DEVELOPMENT_TEAM = 48MSDACJ9X;
				INFOPLIST_FILE = Nim/Info.plist;
				LD_RUNPATH_SEARCH_PATHS = "$(inherited) @executable_path/Frameworks";
				PRODUCT_BUNDLE_IDENTIFIER = yoyo.Nim;
				PRODUCT_NAME = "$(TARGET_NAME)";
				SWIFT_VERSION = 3.0;
			};
			name = Debug;
		};
		4EEAEACE1EC1AD8D006DA042 /* Release */ = {
			isa = XCBuildConfiguration;
			buildSettings = {
				ASSETCATALOG_COMPILER_APPICON_NAME = AppIcon;
				DEVELOPMENT_TEAM = 48MSDACJ9X;
				INFOPLIST_FILE = Nim/Info.plist;
				LD_RUNPATH_SEARCH_PATHS = "$(inherited) @executable_path/Frameworks";
				PRODUCT_BUNDLE_IDENTIFIER = yoyo.Nim;
				PRODUCT_NAME = "$(TARGET_NAME)";
				SWIFT_VERSION = 3.0;
			};
			name = Release;
		};
		4EEAEAD01EC1AD8D006DA042 /* Debug */ = {
			isa = XCBuildConfiguration;
			buildSettings = {
				ALWAYS_EMBED_SWIFT_STANDARD_LIBRARIES = YES;
				BUNDLE_LOADER = "$(TEST_HOST)";
				DEVELOPMENT_TEAM = 48MSDACJ9X;
				INFOPLIST_FILE = NimTests/Info.plist;
				LD_RUNPATH_SEARCH_PATHS = "$(inherited) @executable_path/Frameworks @loader_path/Frameworks";
				PRODUCT_BUNDLE_IDENTIFIER = yoyo.NimTests;
				PRODUCT_NAME = "$(TARGET_NAME)";
				SWIFT_VERSION = 3.0;
				TEST_HOST = "$(BUILT_PRODUCTS_DIR)/Nim.app/Nim";
			};
			name = Debug;
		};
		4EEAEAD11EC1AD8D006DA042 /* Release */ = {
			isa = XCBuildConfiguration;
			buildSettings = {
				ALWAYS_EMBED_SWIFT_STANDARD_LIBRARIES = YES;
				BUNDLE_LOADER = "$(TEST_HOST)";
				DEVELOPMENT_TEAM = 48MSDACJ9X;
				INFOPLIST_FILE = NimTests/Info.plist;
				LD_RUNPATH_SEARCH_PATHS = "$(inherited) @executable_path/Frameworks @loader_path/Frameworks";
				PRODUCT_BUNDLE_IDENTIFIER = yoyo.NimTests;
				PRODUCT_NAME = "$(TARGET_NAME)";
				SWIFT_VERSION = 3.0;
				TEST_HOST = "$(BUILT_PRODUCTS_DIR)/Nim.app/Nim";
			};
			name = Release;
		};
/* End XCBuildConfiguration section */

/* Begin XCConfigurationList section */
		4EEAEAAA1EC1AD8D006DA042 /* Build configuration list for PBXProject "Nim" */ = {
			isa = XCConfigurationList;
			buildConfigurations = (
				4EEAEACA1EC1AD8D006DA042 /* Debug */,
				4EEAEACB1EC1AD8D006DA042 /* Release */,
			);
			defaultConfigurationIsVisible = 0;
			defaultConfigurationName = Release;
		};
		4EEAEACC1EC1AD8D006DA042 /* Build configuration list for PBXNativeTarget "Nim" */ = {
			isa = XCConfigurationList;
			buildConfigurations = (
				4EEAEACD1EC1AD8D006DA042 /* Debug */,
				4EEAEACE1EC1AD8D006DA042 /* Release */,
			);
			defaultConfigurationIsVisible = 0;
		};
		4EEAEACF1EC1AD8D006DA042 /* Build configuration list for PBXNativeTarget "NimTests" */ = {
			isa = XCConfigurationList;
			buildConfigurations = (
				4EEAEAD01EC1AD8D006DA042 /* Debug */,
				4EEAEAD11EC1AD8D006DA042 /* Release */,
			);
			defaultConfigurationIsVisible = 0;
		};
/* End XCConfigurationList section */
	};
	rootObject = 4EEAEAA71EC1AD8D006DA042 /* Project object */;
}
